
Microsoft Visual Studio Solution File, Format Version 12.00
# Visual Studio Version 16
VisualStudioVersion = 16.0.33027.164
MinimumVisualStudioVersion = 10.0.40219.1
Project("{8BC9CEB8-8B4A-11D0-8D11-00A0C91BC942}") = "TicTacToe", "TicTacToe.vcxproj", "{B1EFE2F6-206F-4FC0-94BB-0064B48DDFE5}"
EndProject
Global
	GlobalSection(SolutionConfigurationPlatforms) = preSolution
		Debug|x64 = Debug|x64
		Debug|x86 = Debug|x86
		Release|x64 = Release|x64
		Release|x86 = Release|x86
	EndGlobalSection
	GlobalSection(ProjectConfigurationPlatforms) = postSolution
		{B1EFE2F6-206F-4FC0-94BB-0064B48DDFE5}.Debug|x64.ActiveCfg = Debug|x64
		{B1EFE2F6-206F-4FC0-94BB-0064B48DDFE5}.Debug|x64.Build.0 = Debug|x64
		{B1EFE2F6-206F-4FC0-94BB-0064B48DDFE5}.Debug|x86.ActiveCfg = Debug|Win32
		{B1EFE2F6-206F-4FC0-94BB-0064B48DDFE5}.Debug|x86.Build.0 = Debug|Win32
		{B1EFE2F6-206F-4FC0-94BB-0064B48DDFE5}.Release|x64.ActiveCfg = Release|x64
		{B1EFE2F6-206F-4FC0-94BB-0064B48DDFE5}.Release|x64.Build.0 = Release|x64
		{B1EFE2F6-206F-4FC0-94BB-0064B48DDFE5}.Release|x86.ActiveCfg = Release|Win32
		{B1EFE2F6-206F-4FC0-94BB-0064B48DDFE5}.Release|x86.Build.0 = Release|Win32
	EndGlobalSection
	GlobalSection(SolutionProperties) = preSolution
		HideSolutionNode = FALSE
	EndGlobalSection
	GlobalSection(ExtensibilityGlobals) = postSolution
		SolutionGuid = {DF17223B-0C15-4D06-9A1B-BF2054AF86C4}
	EndGlobalSection
EndGlobal
